github.com/myfantasy/compress v0.0.6 h1:YO7JgCRrQmW7Usa7X/8YvW18xYauuTErkzFC6h9vbLU=
github.com/myfantasy/compress v0.0.6/go.mod h1:ReZsymZ7kI31bxS5BvbHASp7Xtj+6wGvKAj0DgbjVrU=
github.com/myfantasy/mfs v0.2.0 h1:2+URBmhKwB0To042cINHMLwWpXKfMt3cHjlD38O69wg=
github.com/myfantasy/mfs v0.2.0/go.mod h1:VzrpsffCc+o2mGUMJrO07YSbHrGfZ4PbbENQbNssecA=
github.com/myfantasy/mft v0.2.1 h1:clcC4lVl/tdrfbRW67o+fkPOh2hCVlGju5mYZo6SwL0=
github.com/myfantasy/mft v0.2.1/go.mod h1:iwW0O0iRBbYyuuuRsuKABMhKSqmRg/Cpw4wZhw5ZJmQ=
